<?xml version="1.0" encoding="utf-8"?>
<Project ToolsVersion="4.0" xmlns="http://schemas.microsoft.com/developer/msbuild/2003">
  <ItemGroup>
    <Filter Include="源文件">
      <UniqueIdentifier>{4FC737F1-C7A5-4376-A066-2A32D752A2FF}</UniqueIdentifier>
      <Extensions>cpp;c;cc;cxx;def;odl;idl;hpj;bat;asm;asmx</Extensions>
    </Filter>
    <Filter Include="头文件">
      <UniqueIdentifier>{93995380-89BD-4b04-88EB-625FBE52EBFB}</UniqueIdentifier>
      <Extensions>h;hh;hpp;hxx;hm;inl;inc;xsd</Extensions>
    </Filter>
    <Filter Include="资源文件">
      <UniqueIdentifier>{67DA6AB6-F800-4c08-8B7A-83BB121AAD01}</UniqueIdentifier>
      <Extensions>rc;ico;cur;bmp;dlg;rc2;rct;bin;rgs;gif;jpg;jpeg;jpe;resx;tiff;tif;png;wav;mfcribbon-ms</Extensions>
    </Filter>
    <Filter Include="源文件\source">
      <UniqueIdentifier>{6e1ef141-5ada-4fb8-bb88-d89018ac42f5}</UniqueIdentifier>
    </Filter>
    <Filter Include="源文件\tinyxml">
      <UniqueIdentifier>{63a8376a-8f62-427f-a530-73e11e22b29f}</UniqueIdentifier>
    </Filter>
    <Filter Include="源文件\test">
      <UniqueIdentifier>{6c5c5910-82b9-42d3-a4f2-f85c05ef9a3c}</UniqueIdentifier>
    </Filter>
    <Filter Include="头文件\tinyxml">
      <UniqueIdentifier>{755fa7ea-1ea4-4123-b83a-32b506f7ac61}</UniqueIdentifier>
    </Filter>
  </ItemGroup>
  <ItemGroup>
    <ClInclude Include="stdafx.h">
      <Filter>头文件</Filter>
    </ClInclude>
    <ClInclude Include="targetver.h">
      <Filter>头文件</Filter>
    </ClInclude>
    <ClInclude Include="TirInterface.h">
      <Filter>头文件</Filter>
    </ClInclude>
    <ClInclude Include="test_TirInterface.h">
      <Filter>头文件</Filter>
    </ClInclude>
    <ClInclude Include="tinystr.h">
      <Filter>头文件\tinyxml</Filter>
    </ClInclude>
    <ClInclude Include="tinyxml.h">
      <Filter>头文件\tinyxml</Filter>
    </ClInclude>
  </ItemGroup>
  <ItemGroup>
    <ClCompile Include="stdafx.cpp">
      <Filter>源文件</Filter>
    </ClCompile>
    <ClCompile Include="TirInterface.cpp">
      <Filter>源文件</Filter>
    </ClCompile>
    <ClCompile Include="tinystr.cpp">
      <Filter>源文件\tinyxml</Filter>
    </ClCompile>
    <ClCompile Include="tinyxml.cpp">
      <Filter>源文件\tinyxml</Filter>
    </ClCompile>
    <ClCompile Include="tinyxmlerror.cpp">
      <Filter>源文件\tinyxml</Filter>
    </ClCompile>
    <ClCompile Include="tinyxmlparser.cpp">
      <Filter>源文件\tinyxml</Filter>
    </ClCompile>
    <ClCompile Include="TirAlgorithm.cpp">
      <Filter>源文件\source</Filter>
    </ClCompile>
    <ClCompile Include="TirBase.cpp">
      <Filter>源文件\source</Filter>
    </ClCompile>
    <ClCompile Include="TirParMatrix.cpp">
      <Filter>源文件\source</Filter>
    </ClCompile>
    <ClCompile Include="TirParVector.cpp">
      <Filter>源文件\source</Filter>
    </ClCompile>
    <ClCompile Include="TirParString.cpp">
      <Filter>源文件\source</Filter>
    </ClCompile>
    <ClCompile Include="TirProcessor.cpp">
      <Filter>源文件\source</Filter>
    </ClCompile>
    <ClCompile Include="TirStringPath.cpp">
      <Filter>源文件\source</Filter>
    </ClCompile>
    <ClCompile Include="test_TirParVector.cpp">
      <Filter>源文件\test</Filter>
    </ClCompile>
    <ClCompile Include="test_TirBase.cpp">
      <Filter>源文件\test</Filter>
    </ClCompile>
    <ClCompile Include="test_TirParMatrix.cpp">
      <Filter>源文件\test</Filter>
    </ClCompile>
    <ClCompile Include="test_TirParString.cpp">
      <Filter>源文件\test</Filter>
    </ClCompile>
    <ClCompile Include="test_TirStringPath.cpp">
      <Filter>源文件\test</Filter>
    </ClCompile>
    <ClCompile Include="test_TirProcessor.cpp">
      <Filter>源文件\test</Filter>
    </ClCompile>
    <ClCompile Include="test_TirAlgorithm.cpp">
      <Filter>源文件\test</Filter>
    </ClCompile>
  </ItemGroup>
</Project>